
Microsoft Visual Studio Solution File, Format Version 12.00
# Visual Studio Version 16
VisualStudioVersion = 16.0.30804.86
MinimumVisualStudioVersion = 10.0.40219.1
Project("{FAE04EC0-301F-11D3-BF4B-00C04F79EFBC}") = "Sus", "Sus\Sus.csproj", "{A24BC648-BB3E-4158-AE58-B48A2E496C24}"
EndProject
Project("{FAE04EC0-301F-11D3-BF4B-00C04F79EFBC}") = "ss.test", "ss.test\ss.test.csproj", "{4663C073-617F-4DA1-BEE3-2569DED68098}"
EndProject
Global
	GlobalSection(SolutionConfigurationPlatforms) = preSolution
		Debug|Any CPU = Debug|Any CPU
		Release|Any CPU = Release|Any CPU
	EndGlobalSection
	GlobalSection(ProjectConfigurationPlatforms) = postSolution
		{A24BC648-BB3E-4158-AE58-B48A2E496C24}.Debug|Any CPU.ActiveCfg = Debug|Any CPU
		{A24BC648-BB3E-4158-AE58-B48A2E496C24}.Debug|Any CPU.Build.0 = Debug|Any CPU
		{A24BC648-BB3E-4158-AE58-B48A2E496C24}.Release|Any CPU.ActiveCfg = Release|Any CPU
		{A24BC648-BB3E-4158-AE58-B48A2E496C24}.Release|Any CPU.Build.0 = Release|Any CPU
		{4663C073-617F-4DA1-BEE3-2569DED68098}.Debug|Any CPU.ActiveCfg = Debug|Any CPU
		{4663C073-617F-4DA1-BEE3-2569DED68098}.Debug|Any CPU.Build.0 = Debug|Any CPU
		{4663C073-617F-4DA1-BEE3-2569DED68098}.Release|Any CPU.ActiveCfg = Release|Any CPU
		{4663C073-617F-4DA1-BEE3-2569DED68098}.Release|Any CPU.Build.0 = Release|Any CPU
	EndGlobalSection
	GlobalSection(SolutionProperties) = preSolution
		HideSolutionNode = FALSE
	EndGlobalSection
	GlobalSection(ExtensibilityGlobals) = postSolution
		SolutionGuid = {4DD9BF60-CB19-40D4-B7F6-965B3201BF39}
	EndGlobalSection
EndGlobal
